// !$*UTF8*$!
{
	archiveVersion = 1;
	classes = {
	};
	objectVersion = 55;
	objects = {

/* Begin PBXBuildFile section */
		534A87C928662EDA00843C32 /* AppDelegate.swift in Sources */ = {isa = PBXBuildFile; fileRef = 534A87C828662EDA00843C32 /* AppDelegate.swift */; };
		534A87CB28662EDA00843C32 /* SceneDelegate.swift in Sources */ = {isa = PBXBuildFile; fileRef = 534A87CA28662EDA00843C32 /* SceneDelegate.swift */; };
		534A87CD28662EDA00843C32 /* ViewController.swift in Sources */ = {isa = PBXBuildFile; fileRef = 534A87CC28662EDA00843C32 /* ViewController.swift */; };
		534A87D028662EDA00843C32 /* Main.storyboard in Resources */ = {isa = PBXBuildFile; fileRef = 534A87CE28662EDA00843C32 /* Main.storyboard */; };
		534A87D228662EDB00843C32 /* Assets.xcassets in Resources */ = {isa = PBXBuildFile; fileRef = 534A87D128662EDB00843C32 /* Assets.xcassets */; };
		534A87D528662EDB00843C32 /* LaunchScreen.storyboard in Resources */ = {isa = PBXBuildFile; fileRef = 534A87D328662EDB00843C32 /* LaunchScreen.storyboard */; };
		534A87DD28662F7A00843C32 /* MyCollectionViewCell.swift in Sources */ = {isa = PBXBuildFile; fileRef = 534A87DC28662F7A00843C32 /* MyCollectionViewCell.swift */; };
		534A87E1286632CD00843C32 /* ChosenPictureViewController.swift in Sources */ = {isa = PBXBuildFile; fileRef = 534A87E0286632CD00843C32 /* ChosenPictureViewController.swift */; };
		534A87E328665CDE00843C32 /* HeaderCollectionReusableView.swift in Sources */ = {isa = PBXBuildFile; fileRef = 534A87E228665CDE00843C32 /* HeaderCollectionReusableView.swift */; };
/* End PBXBuildFile section */

/* Begin PBXFileReference section */
		534A87C528662EDA00843C32 /* CollectionViewCompositional_Itea.app */ = {isa = PBXFileReference; explicitFileType = wrapper.application; includeInIndex = 0; path = CollectionViewCompositional_Itea.app; sourceTree = BUILT_PRODUCTS_DIR; };
		534A87C828662EDA00843C32 /* AppDelegate.swift */ = {isa = PBXFileReference; lastKnownFileType = sourcecode.swift; path = AppDelegate.swift; sourceTree = "<group>"; };
		534A87CA28662EDA00843C32 /* SceneDelegate.swift */ = {isa = PBXFileReference; lastKnownFileType = sourcecode.swift; path = SceneDelegate.swift; sourceTree = "<group>"; };
		534A87CC28662EDA00843C32 /* ViewController.swift */ = {isa = PBXFileReference; lastKnownFileType = sourcecode.swift; path = ViewController.swift; sourceTree = "<group>"; };
		534A87CF28662EDA00843C32 /* Base */ = {isa = PBXFileReference; lastKnownFileType = file.storyboard; name = Base; path = Base.lproj/Main.storyboard; sourceTree = "<group>"; };
		534A87D128662EDB00843C32 /* Assets.xcassets */ = {isa = PBXFileReference; lastKnownFileType = folder.assetcatalog; path = Assets.xcassets; sourceTree = "<group>"; };
		534A87D428662EDB00843C32 /* Base */ = {isa = PBXFileReference; lastKnownFileType = file.storyboard; name = Base; path = Base.lproj/LaunchScreen.storyboard; sourceTree = "<group>"; };
		534A87D628662EDB00843C32 /* Info.plist */ = {isa = PBXFileReference; lastKnownFileType = text.plist.xml; path = Info.plist; sourceTree = "<group>"; };
		534A87DC28662F7A00843C32 /* MyCollectionViewCell.swift */ = {isa = PBXFileReference; fileEncoding = 4; lastKnownFileType = sourcecode.swift; path = MyCollectionViewCell.swift; sourceTree = "<group>"; };
		534A87E0286632CD00843C32 /* ChosenPictureViewController.swift */ = {isa = PBXFileReference; lastKnownFileType = sourcecode.swift; path = ChosenPictureViewController.swift; sourceTree = "<group>"; };
		534A87E228665CDE00843C32 /* HeaderCollectionReusableView.swift */ = {isa = PBXFileReference; fileEncoding = 4; lastKnownFileType = sourcecode.swift; path = HeaderCollectionReusableView.swift; sourceTree = "<group>"; };
/* End PBXFileReference section */

/* Begin PBXFrameworksBuildPhase section */
		534A87C228662EDA00843C32 /* Frameworks */ = {
			isa = PBXFrameworksBuildPhase;
			buildActionMask = 2147483647;
			files = (
			);
			runOnlyForDeploymentPostprocessing = 0;
		};
/* End PBXFrameworksBuildPhase section */

/* Begin PBXGroup section */
		534A87BC28662EDA00843C32 = {
			isa = PBXGroup;
			children = (
				534A87C728662EDA00843C32 /* CollectionViewCompositional_Itea */,
				534A87C628662EDA00843C32 /* Products */,
			);
			sourceTree = "<group>";
		};
		534A87C628662EDA00843C32 /* Products */ = {
			isa = PBXGroup;
			children = (
				534A87C528662EDA00843C32 /* CollectionViewCompositional_Itea.app */,
			);
			name = Products;
			sourceTree = "<group>";
		};
		534A87C728662EDA00843C32 /* CollectionViewCompositional_Itea */ = {
			isa = PBXGroup;
			children = (
				534A87E52866B9B600843C32 /* Header */,
				534A87E42866B9AB00843C32 /* Cell */,
				534A87E62866B9C100843C32 /* Controller */,
				534A87C828662EDA00843C32 /* AppDelegate.swift */,
				534A87CA28662EDA00843C32 /* SceneDelegate.swift */,
				534A87CE28662EDA00843C32 /* Main.storyboard */,
				534A87D128662EDB00843C32 /* Assets.xcassets */,
				534A87D328662EDB00843C32 /* LaunchScreen.storyboard */,
				534A87D628662EDB00843C32 /* Info.plist */,
			);
			path = CollectionViewCompositional_Itea;
			sourceTree = "<group>";
		};
		534A87E42866B9AB00843C32 /* Cell */ = {
			isa = PBXGroup;
			children = (
				534A87DC28662F7A00843C32 /* MyCollectionViewCell.swift */,
			);
			path = Cell;
			sourceTree = "<group>";
		};
		534A87E52866B9B600843C32 /* Header */ = {
			isa = PBXGroup;
			children = (
				534A87E228665CDE00843C32 /* HeaderCollectionReusableView.swift */,
			);
			path = Header;
			sourceTree = "<group>";
		};
		534A87E62866B9C100843C32 /* Controller */ = {
			isa = PBXGroup;
			children = (
				534A87CC28662EDA00843C32 /* ViewController.swift */,
				534A87E0286632CD00843C32 /* ChosenPictureViewController.swift */,
			);
			path = Controller;
			sourceTree = "<group>";
		};
/* End PBXGroup section */

/* Begin PBXNativeTarget section */
		534A87C428662EDA00843C32 /* CollectionViewCompositional_Itea */ = {
			isa = PBXNativeTarget;
			buildConfigurationList = 534A87D928662EDB00843C32 /* Build configuration list for PBXNativeTarget "CollectionViewCompositional_Itea" */;
			buildPhases = (
				534A87C128662EDA00843C32 /* Sources */,
				534A87C228662EDA00843C32 /* Frameworks */,
				534A87C328662EDA00843C32 /* Resources */,
			);
			buildRules = (
			);
			dependencies = (
			);
			name = CollectionViewCompositional_Itea;
			productName = CollectionViewCompositional_Itea;
			productReference = 534A87C528662EDA00843C32 /* CollectionViewCompositional_Itea.app */;
			productType = "com.apple.product-type.application";
		};
/* End PBXNativeTarget section */

/* Begin PBXProject section */
		534A87BD28662EDA00843C32 /* Project object */ = {
			isa = PBXProject;
			attributes = {
				BuildIndependentTargetsInParallel = 1;
				LastSwiftUpdateCheck = 1300;
				LastUpgradeCheck = 1300;
				TargetAttributes = {
					534A87C428662EDA00843C32 = {
						CreatedOnToolsVersion = 13.0;
					};
				};
			};
			buildConfigurationList = 534A87C028662EDA00843C32 /* Build configuration list for PBXProject "CollectionViewCompositional_Itea" */;
			compatibilityVersion = "Xcode 13.0";
			developmentRegion = en;
			hasScannedForEncodings = 0;
			knownRegions = (
				en,
				Base,
			);
			mainGroup = 534A87BC28662EDA00843C32;
			productRefGroup = 534A87C628662EDA00843C32 /* Products */;
			projectDirPath = "";
			projectRoot = "";
			targets = (
				534A87C428662EDA00843C32 /* CollectionViewCompositional_Itea */,
			);
		};
/* End PBXProject section */

/* Begin PBXResourcesBuildPhase section */
		534A87C328662EDA00843C32 /* Resources */ = {
			isa = PBXResourcesBuildPhase;
			buildActionMask = 2147483647;
			files = (
				534A87D528662EDB00843C32 /* LaunchScreen.storyboard in Resources */,
				534A87D228662EDB00843C32 /* Assets.xcassets in Resources */,
				534A87D028662EDA00843C32 /* Main.storyboard in Resources */,
			);
			runOnlyForDeploymentPostprocessing = 0;
		};
/* End PBXResourcesBuildPhase section */

/* Begin PBXSourcesBuildPhase section */
		534A87C128662EDA00843C32 /* Sources */ = {
			isa = PBXSourcesBuildPhase;
			buildActionMask = 2147483647;
			files = (
				534A87CD28662EDA00843C32 /* ViewController.swift in Sources */,
				534A87C928662EDA00843C32 /* AppDelegate.swift in Sources */,
				534A87E1286632CD00843C32 /* ChosenPictureViewController.swift in Sources */,
				534A87DD28662F7A00843C32 /* MyCollectionViewCell.swift in Sources */,
				534A87E328665CDE00843C32 /* HeaderCollectionReusableView.swift in Sources */,
				534A87CB28662EDA00843C32 /* SceneDelegate.swift in Sources */,
			);
			runOnlyForDeploymentPostprocessing = 0;
		};
/* End PBXSourcesBuildPhase section */

/* Begin PBXVariantGroup section */
		534A87CE28662EDA00843C32 /* Main.storyboard */ = {
			isa = PBXVariantGroup;
			children = (
				534A87CF28662EDA00843C32 /* Base */,
			);
			name = Main.storyboard;
			sourceTree = "<group>";
		};
		534A87D328662EDB00843C32 /* LaunchScreen.storyboard */ = {
			isa = PBXVariantGroup;
			children = (
				534A87D428662EDB00843C32 /* Base */,
			);
			name = LaunchScreen.storyboard;
			sourceTree = "<group>";
		};
/* End PBXVariantGroup section */

/* Begin XCBuildConfiguration section */
		534A87D728662EDB00843C32 /* Debug */ = {
			isa = XCBuildConfiguration;
			buildSettings = {
				ALWAYS_SEARCH_USER_PATHS = NO;
				CLANG_ANALYZER_NONNULL = YES;
				CLANG_ANALYZER_NUMBER_OBJECT_CONVERSION = YES_AGGRESSIVE;
				CLANG_CXX_LANGUAGE_STANDARD = "gnu++17";
				CLANG_CXX_LIBRARY = "libc++";
				CLANG_ENABLE_MODULES = YES;
				CLANG_ENABLE_OBJC_ARC = YES;
				CLANG_ENABLE_OBJC_WEAK = YES;
				CLANG_WARN_BLOCK_CAPTURE_AUTORELEASING = YES;
				CLANG_WARN_BOOL_CONVERSION = YES;
				CLANG_WARN_COMMA = YES;
				CLANG_WARN_CONSTANT_CONVERSION = YES;
				CLANG_WARN_DEPRECATED_OBJC_IMPLEMENTATIONS = YES;
				CLANG_WARN_DIRECT_OBJC_ISA_USAGE = YES_ERROR;
				CLANG_WARN_DOCUMENTATION_COMMENTS = YES;
				CLANG_WARN_EMPTY_BODY = YES;
				CLANG_WARN_ENUM_CONVERSION = YES;
				CLANG_WARN_INFINITE_RECURSION = YES;
				CLANG_WARN_INT_CONVERSION = YES;
				CLANG_WARN_NON_LITERAL_NULL_CONVERSION = YES;
				CLANG_WARN_OBJC_IMPLICIT_RETAIN_SELF = YES;
				CLANG_WARN_OBJC_LITERAL_CONVERSION = YES;
				CLANG_WARN_OBJC_ROOT_CLASS = YES_ERROR;
				CLANG_WARN_QUOTED_INCLUDE_IN_FRAMEWORK_HEADER = YES;
				CLANG_WARN_RANGE_LOOP_ANALYSIS = YES;
				CLANG_WARN_STRICT_PROTOTYPES = YES;
				CLANG_WARN_SUSPICIOUS_MOVE = YES;
				CLANG_WARN_UNGUARDED_AVAILABILITY = YES_AGGRESSIVE;
				CLANG_WARN_UNREACHABLE_CODE = YES;
				CLANG_WARN__DUPLICATE_METHOD_MATCH = YES;
				COPY_PHASE_STRIP = NO;
				DEBUG_INFORMATION_FORMAT = dwarf;
				ENABLE_STRICT_OBJC_MSGSEND = YES;
				ENABLE_TESTABILITY = YES;
				GCC_C_LANGUAGE_STANDARD = gnu11;
				GCC_DYNAMIC_NO_PIC = NO;
				GCC_NO_COMMON_BLOCKS = YES;
				GCC_OPTIMIZATION_LEVEL = 0;
				GCC_PREPROCESSOR_DEFINITIONS = (
					"DEBUG=1",
					"$(inherited)",
				);
				GCC_WARN_64_TO_32_BIT_CONVERSION = YES;
				GCC_WARN_ABOUT_RETURN_TYPE = YES_ERROR;
				GCC_WARN_UNDECLARED_SELECTOR = YES;
				GCC_WARN_UNINITIALIZED_AUTOS = YES_AGGRESSIVE;
				GCC_WARN_UNUSED_FUNCTION = YES;
				GCC_WARN_UNUSED_VARIABLE = YES;
				IPHONEOS_DEPLOYMENT_TARGET = 15.0;
				MTL_ENABLE_DEBUG_INFO = INCLUDE_SOURCE;
				MTL_FAST_MATH = YES;
				ONLY_ACTIVE_ARCH = YES;
				SDKROOT = iphoneos;
				SWIFT_ACTIVE_COMPILATION_CONDITIONS = DEBUG;
				SWIFT_OPTIMIZATION_LEVEL = "-Onone";
			};
			name = Debug;
		};
		534A87D828662EDB00843C32 /* Release */ = {
			isa = XCBuildConfiguration;
			buildSettings = {
				ALWAYS_SEARCH_USER_PATHS = NO;
				CLANG_ANALYZER_NONNULL = YES;
				CLANG_ANALYZER_NUMBER_OBJECT_CONVERSION = YES_AGGRESSIVE;
				CLANG_CXX_LANGUAGE_STANDARD = "gnu++17";
				CLANG_CXX_LIBRARY = "libc++";
				CLANG_ENABLE_MODULES = YES;
				CLANG_ENABLE_OBJC_ARC = YES;
				CLANG_ENABLE_OBJC_WEAK = YES;
				CLANG_WARN_BLOCK_CAPTURE_AUTORELEASING = YES;
				CLANG_WARN_BOOL_CONVERSION = YES;
				CLANG_WARN_COMMA = YES;
				CLANG_WARN_CONSTANT_CONVERSION = YES;
				CLANG_WARN_DEPRECATED_OBJC_IMPLEMENTATIONS = YES;
				CLANG_WARN_DIRECT_OBJC_ISA_USAGE = YES_ERROR;
				CLANG_WARN_DOCUMENTATION_COMMENTS = YES;
				CLANG_WARN_EMPTY_BODY = YES;
				CLANG_WARN_ENUM_CONVERSION = YES;
				CLANG_WARN_INFINITE_RECURSION = YES;
				CLANG_WARN_INT_CONVERSION = YES;
				CLANG_WARN_NON_LITERAL_NULL_CONVERSION = YES;
				CLANG_WARN_OBJC_IMPLICIT_RETAIN_SELF = YES;
				CLANG_WARN_OBJC_LITERAL_CONVERSION = YES;
				CLANG_WARN_OBJC_ROOT_CLASS = YES_ERROR;
				CLANG_WARN_QUOTED_INCLUDE_IN_FRAMEWORK_HEADER = YES;
				CLANG_WARN_RANGE_LOOP_ANALYSIS = YES;
				CLANG_WARN_STRICT_PROTOTYPES = YES;
				CLANG_WARN_SUSPICIOUS_MOVE = YES;
				CLANG_WARN_UNGUARDED_AVAILABILITY = YES_AGGRESSIVE;
				CLANG_WARN_UNREACHABLE_CODE = YES;
				CLANG_WARN__DUPLICATE_METHOD_MATCH = YES;
				COPY_PHASE_STRIP = NO;
				DEBUG_INFORMATION_FORMAT = "dwarf-with-dsym";
				ENABLE_NS_ASSERTIONS = NO;
				ENABLE_STRICT_OBJC_MSGSEND = YES;
				GCC_C_LANGUAGE_STANDARD = gnu11;
				GCC_NO_COMMON_BLOCKS = YES;
				GCC_WARN_64_TO_32_BIT_CONVERSION = YES;
				GCC_WARN_ABOUT_RETURN_TYPE = YES_ERROR;
				GCC_WARN_UNDECLARED_SELECTOR = YES;
				GCC_WARN_UNINITIALIZED_AUTOS = YES_AGGRESSIVE;
				GCC_WARN_UNUSED_FUNCTION = YES;
				GCC_WARN_UNUSED_VARIABLE = YES;
				IPHONEOS_DEPLOYMENT_TARGET = 15.0;
				MTL_ENABLE_DEBUG_INFO = NO;
				MTL_FAST_MATH = YES;
				SDKROOT = iphoneos;
				SWIFT_COMPILATION_MODE = wholemodule;
				SWIFT_OPTIMIZATION_LEVEL = "-O";
				VALIDATE_PRODUCT = YES;
			};
			name = Release;
		};
		534A87DA28662EDB00843C32 /* Debug */ = {
			isa = XCBuildConfiguration;
			buildSettings = {
				ASSETCATALOG_COMPILER_APPICON_NAME = AppIcon;
				ASSETCATALOG_COMPILER_GLOBAL_ACCENT_COLOR_NAME = AccentColor;
				CODE_SIGN_STYLE = Automatic;
				CURRENT_PROJECT_VERSION = 1;
				GENERATE_INFOPLIST_FILE = YES;
				INFOPLIST_FILE = CollectionViewCompositional_Itea/Info.plist;
				INFOPLIST_KEY_UIApplicationSupportsIndirectInputEvents = YES;
				INFOPLIST_KEY_UILaunchStoryboardName = LaunchScreen;
				INFOPLIST_KEY_UIMainStoryboardFile = Main;
				INFOPLIST_KEY_UISupportedInterfaceOrientations_iPad = "UIInterfaceOrientationPortrait UIInterfaceOrientationPortraitUpsideDown UIInterfaceOrientationLandscapeLeft UIInterfaceOrientationLandscapeRight";
				INFOPLIST_KEY_UISupportedInterfaceOrientations_iPhone = "UIInterfaceOrientationPortrait UIInterfaceOrientationLandscapeLeft UIInterfaceOrientationLandscapeRight";
				LD_RUNPATH_SEARCH_PATHS = (
					"$(inherited)",
					"@executable_path/Frameworks",
				);
				MARKETING_VERSION = 1.0;
				PRODUCT_BUNDLE_IDENTIFIER = "com.incredible.CollectionViewCompositional-Itea";
				PRODUCT_NAME = "$(TARGET_NAME)";
				SWIFT_EMIT_LOC_STRINGS = YES;
				SWIFT_VERSION = 5.0;
				TARGETED_DEVICE_FAMILY = "1,2";
			};
			name = Debug;
		};
		534A87DB28662EDB00843C32 /* Release */ = {
			isa = XCBuildConfiguration;
			buildSettings = {
				ASSETCATALOG_COMPILER_APPICON_NAME = AppIcon;
				ASSETCATALOG_COMPILER_GLOBAL_ACCENT_COLOR_NAME = AccentColor;
				CODE_SIGN_STYLE = Automatic;
				CURRENT_PROJECT_VERSION = 1;
				GENERATE_INFOPLIST_FILE = YES;
				INFOPLIST_FILE = CollectionViewCompositional_Itea/Info.plist;
				INFOPLIST_KEY_UIApplicationSupportsIndirectInputEvents = YES;
				INFOPLIST_KEY_UILaunchStoryboardName = LaunchScreen;
				INFOPLIST_KEY_UIMainStoryboardFile = Main;
				INFOPLIST_KEY_UISupportedInterfaceOrientations_iPad = "UIInterfaceOrientationPortrait UIInterfaceOrientationPortraitUpsideDown UIInterfaceOrientationLandscapeLeft UIInterfaceOrientationLandscapeRight";
				INFOPLIST_KEY_UISupportedInterfaceOrientations_iPhone = "UIInterfaceOrientationPortrait UIInterfaceOrientationLandscapeLeft UIInterfaceOrientationLandscapeRight";
				LD_RUNPATH_SEARCH_PATHS = (
					"$(inherited)",
					"@executable_path/Frameworks",
				);
				MARKETING_VERSION = 1.0;
				PRODUCT_BUNDLE_IDENTIFIER = "com.incredible.CollectionViewCompositional-Itea";
				PRODUCT_NAME = "$(TARGET_NAME)";
				SWIFT_EMIT_LOC_STRINGS = YES;
				SWIFT_VERSION = 5.0;
				TARGETED_DEVICE_FAMILY = "1,2";
			};
			name = Release;
		};
/* End XCBuildConfiguration section */

/* Begin XCConfigurationList section */
		534A87C028662EDA00843C32 /* Build configuration list for PBXProject "CollectionViewCompositional_Itea" */ = {
			isa = XCConfigurationList;
			buildConfigurations = (
				534A87D728662EDB00843C32 /* Debug */,
				534A87D828662EDB00843C32 /* Release */,
			);
			defaultConfigurationIsVisible = 0;
			defaultConfigurationName = Release;
		};
		534A87D928662EDB00843C32 /* Build configuration list for PBXNativeTarget "CollectionViewCompositional_Itea" */ = {
			isa = XCConfigurationList;
			buildConfigurations = (
				534A87DA28662EDB00843C32 /* Debug */,
				534A87DB28662EDB00843C32 /* Release */,
			);
			defaultConfigurationIsVisible = 0;
			defaultConfigurationName = Release;
		};
/* End XCConfigurationList section */
	};
	rootObject = 534A87BD28662EDA00843C32 /* Project object */;
}
